<?xml version="1.0" encoding="utf-8"?>
<Project ToolsVersion="4.0" xmlns="http://schemas.microsoft.com/developer/msbuild/2003">
  <ItemGroup>
    <Filter Include="Source Files">
      <UniqueIdentifier>{c7d58557-fcf7-456c-8080-a4da7d807bac}</UniqueIdentifier>
    </Filter>
    <Filter Include="Link Libraries">
      <UniqueIdentifier>{a20fdeed-af8b-4f48-b889-c1b29406e8d3}</UniqueIdentifier>
    </Filter>
    <Filter Include="Resources">
      <UniqueIdentifier>{1bde99db-f3eb-47c5-b5bd-0cd2468a7d05}</UniqueIdentifier>
    </Filter>
    <Filter Include="Header Files">
      <UniqueIdentifier>{05e68b16-55de-4f1e-a303-a532f7c11d2b}</UniqueIdentifier>
    </Filter>
    <Filter Include="Resource Files">
      <UniqueIdentifier>{3619c17f-e04c-47d1-b5c6-9534b7ce090c}</UniqueIdentifier>
    </Filter>
    <Filter Include="Exposed interfaces">
      <UniqueIdentifier>{1e3ce624-f7e6-42b5-ae97-dae3dc510908}</UniqueIdentifier>
    </Filter>
  </ItemGroup>
  <ItemGroup>
    <ClCompile Include="BaseGamesPage.cpp">
      <Filter>Source Files</Filter>
    </ClCompile>
    <ClCompile Include="CustomGames.cpp">
      <Filter>Source Files</Filter>
    </ClCompile>
    <ClCompile Include="DialogAddServer.cpp">
      <Filter>Source Files</Filter>
    </ClCompile>
    <ClCompile Include="DialogGameInfo.cpp">
      <Filter>Source Files</Filter>
    </ClCompile>
    <ClCompile Include="DialogServerPassword.cpp">
      <Filter>Source Files</Filter>
    </ClCompile>
    <ClCompile Include="FavoriteGames.cpp">
      <Filter>Source Files</Filter>
    </ClCompile>
    <ClCompile Include="FriendsGames.cpp">
      <Filter>Source Files</Filter>
    </ClCompile>
    <ClCompile Include="HistoryGames.cpp">
      <Filter>Source Files</Filter>
    </ClCompile>
    <ClCompile Include="InternetGames.cpp">
      <Filter>Source Files</Filter>
    </ClCompile>
    <ClCompile Include="LanGames.cpp">
      <Filter>Source Files</Filter>
    </ClCompile>
    <ClCompile Include="..\..\include\tier0\memoverride.cpp">
      <Filter>Source Files</Filter>
    </ClCompile>
    <ClCompile Include="ModList.cpp">
      <Filter>Source Files</Filter>
    </ClCompile>
    <ClCompile Include="ServerBrowser.cpp">
      <Filter>Source Files</Filter>
    </ClCompile>
    <ClCompile Include="ServerBrowserDialog.cpp">
      <Filter>Source Files</Filter>
    </ClCompile>
    <ClCompile Include="ServerContextMenu.cpp">
      <Filter>Source Files</Filter>
    </ClCompile>
    <ClCompile Include="ServerListCompare.cpp">
      <Filter>Source Files</Filter>
    </ClCompile>
    <ClCompile Include="SpectateGames.cpp">
      <Filter>Source Files</Filter>
    </ClCompile>
    <ClCompile Include="VACBannedConnRefusedDialog.cpp">
      <Filter>Source Files</Filter>
    </ClCompile>
    <ClCompile Include="..\..\include\vgui_controls\vgui_controls.cpp">
      <Filter>Source Files</Filter>
    </ClCompile>
  </ItemGroup>
  <ItemGroup>
    <ClInclude Include="VACBannedConnRefusedDialog.h">
      <Filter>Source Files</Filter>
    </ClInclude>
    <ClInclude Include="BaseGamesPage.h">
      <Filter>Header Files</Filter>
    </ClInclude>
    <ClInclude Include="CustomGames.h">
      <Filter>Header Files</Filter>
    </ClInclude>
    <ClInclude Include="DialogAddServer.h">
      <Filter>Header Files</Filter>
    </ClInclude>
    <ClInclude Include="DialogGameInfo.h">
      <Filter>Header Files</Filter>
    </ClInclude>
    <ClInclude Include="DialogServerPassword.h">
      <Filter>Header Files</Filter>
    </ClInclude>
    <ClInclude Include="FavoriteGames.h">
      <Filter>Header Files</Filter>
    </ClInclude>
    <ClInclude Include="FriendsGames.h">
      <Filter>Header Files</Filter>
    </ClInclude>
    <ClInclude Include="HistoryGames.h">
      <Filter>Header Files</Filter>
    </ClInclude>
    <ClInclude Include="InternetGames.h">
      <Filter>Header Files</Filter>
    </ClInclude>
    <ClInclude Include="LanGames.h">
      <Filter>Header Files</Filter>
    </ClInclude>
    <ClInclude Include="ModList.h">
      <Filter>Header Files</Filter>
    </ClInclude>
    <ClInclude Include="ServerBrowser.h">
      <Filter>Header Files</Filter>
    </ClInclude>
    <ClInclude Include="ServerBrowserDialog.h">
      <Filter>Header Files</Filter>
    </ClInclude>
    <ClInclude Include="ServerContextMenu.h">
      <Filter>Header Files</Filter>
    </ClInclude>
    <ClInclude Include="ServerListCompare.h">
      <Filter>Header Files</Filter>
    </ClInclude>
    <ClInclude Include="SpectateGames.h">
      <Filter>Header Files</Filter>
    </ClInclude>
    <ClInclude Include="..\common\ServerBrowser\IServerBrowser.h">
      <Filter>Exposed interfaces</Filter>
    </ClInclude>
  </ItemGroup>
</Project>