<?xml version="1.0" encoding="utf-8"?>
<Project ToolsVersion="4.0" xmlns="http://schemas.microsoft.com/developer/msbuild/2003">
  <ItemGroup>
    <Filter Include="Source Files">
      <UniqueIdentifier>{a61ba9a8-72bf-4ba6-959f-a609eb2345ef}</UniqueIdentifier>
    </Filter>
    <Filter Include="Resources">
      <UniqueIdentifier>{e17176fe-ae0b-4013-93d8-67df99055dc6}</UniqueIdentifier>
    </Filter>
    <Filter Include="Header Files">
      <UniqueIdentifier>{98daac16-5510-4885-97da-f4f03e071fc0}</UniqueIdentifier>
    </Filter>
  </ItemGroup>
  <ItemGroup>
    <ClCompile Include="assetpicker.cpp">
      <Filter>Source Files</Filter>
    </ClCompile>
    <ClCompile Include="baseassetpicker.cpp">
      <Filter>Source Files</Filter>
    </ClCompile>
    <ClCompile Include="colorpickerpanel.cpp">
      <Filter>Source Files</Filter>
    </ClCompile>
    <ClCompile Include="curveeditorpanel.cpp">
      <Filter>Source Files</Filter>
    </ClCompile>
    <ClCompile Include="gamefiletreeview.cpp">
      <Filter>Source Files</Filter>
    </ClCompile>
    <ClCompile Include="matsyscontrols.cpp">
      <Filter>Source Files</Filter>
    </ClCompile>
    <ClCompile Include="picker.cpp">
      <Filter>Source Files</Filter>
    </ClCompile>
    <ClCompile Include="proceduraltexturepanel.cpp">
      <Filter>Source Files</Filter>
    </ClCompile>
    <ClCompile Include="QCGenerator.cpp">
      <Filter>Source Files</Filter>
    </ClCompile>
    <ClCompile Include="tgapreviewpanel.cpp">
      <Filter>Source Files</Filter>
    </ClCompile>
    <ClCompile Include="vmtpicker.cpp">
      <Filter>Source Files</Filter>
    </ClCompile>
    <ClCompile Include="vmtpreviewpanel.cpp">
      <Filter>Source Files</Filter>
    </ClCompile>
    <ClCompile Include="vtfpicker.cpp">
      <Filter>Source Files</Filter>
    </ClCompile>
    <ClCompile Include="vtfpreviewpanel.cpp">
      <Filter>Source Files</Filter>
    </ClCompile>
  </ItemGroup>
  <ItemGroup>
    <ClInclude Include="..\..\..\includematsys_controls\assetpicker.h">
      <Filter>Header Files</Filter>
    </ClInclude>
    <ClInclude Include="..\..\..\includematsys_controls\baseassetpicker.h">
      <Filter>Header Files</Filter>
    </ClInclude>
    <ClInclude Include="..\..\..\includematsys_controls\colorpickerpanel.h">
      <Filter>Header Files</Filter>
    </ClInclude>
    <ClInclude Include="..\..\..\includematsys_controls\gamefiletreeview.h">
      <Filter>Header Files</Filter>
    </ClInclude>
    <ClInclude Include="..\..\..\includematsys_controls\matsyscontrols.h">
      <Filter>Header Files</Filter>
    </ClInclude>
    <ClInclude Include="..\..\..\includematsys_controls\picker.h">
      <Filter>Header Files</Filter>
    </ClInclude>
    <ClInclude Include="..\..\..\includematsys_controls\proceduraltexturepanel.h">
      <Filter>Header Files</Filter>
    </ClInclude>
    <ClInclude Include="..\..\..\includematsys_controls\QCGenerator.h">
      <Filter>Header Files</Filter>
    </ClInclude>
    <ClInclude Include="..\..\..\includematsys_controls\tgapreviewpanel.h">
      <Filter>Header Files</Filter>
    </ClInclude>
    <ClInclude Include="..\..\..\includematsys_controls\vmtpicker.h">
      <Filter>Header Files</Filter>
    </ClInclude>
    <ClInclude Include="..\..\..\includematsys_controls\vmtpreviewpanel.h">
      <Filter>Header Files</Filter>
    </ClInclude>
    <ClInclude Include="..\..\..\includematsys_controls\vtfpicker.h">
      <Filter>Header Files</Filter>
    </ClInclude>
    <ClInclude Include="..\..\..\includematsys_controls\vtfpreviewpanel.h">
      <Filter>Header Files</Filter>
    </ClInclude>
  </ItemGroup>
</Project>