<?xml version="1.0" encoding="utf-8"?>
<Project ToolsVersion="4.0" xmlns="http://schemas.microsoft.com/developer/msbuild/2003">
  <ItemGroup>
    <Filter Include="Исходные файлы">
      <UniqueIdentifier>{4FC737F1-C7A5-4376-A066-2A32D752A2FF}</UniqueIdentifier>
      <Extensions>cpp;c;cc;cxx;c++;def;odl;idl;hpj;bat;asm;asmx</Extensions>
    </Filter>
    <Filter Include="Файлы заголовков">
      <UniqueIdentifier>{93995380-89BD-4b04-88EB-625FBE52EBFB}</UniqueIdentifier>
      <Extensions>h;hh;hpp;hxx;h++;hm;inl;inc;ipp;xsd</Extensions>
    </Filter>
    <Filter Include="Файлы ресурсов">
      <UniqueIdentifier>{67DA6AB6-F800-4c08-8B7A-83BB121AAD01}</UniqueIdentifier>
      <Extensions>rc;ico;cur;bmp;dlg;rc2;rct;bin;rgs;gif;jpg;jpeg;jpe;resx;tiff;tif;png;wav;mfcribbon-ms</Extensions>
    </Filter>
  </ItemGroup>
  <ItemGroup>
    <ClCompile Include="physics_spring.cpp">
      <Filter>Исходные файлы</Filter>
    </ClCompile>
    <ClCompile Include="physics_shadow.cpp">
      <Filter>Исходные файлы</Filter>
    </ClCompile>
    <ClCompile Include="physics_object.cpp">
      <Filter>Исходные файлы</Filter>
    </ClCompile>
    <ClCompile Include="physics_motioncontroller.cpp">
      <Filter>Исходные файлы</Filter>
    </ClCompile>
    <ClCompile Include="physics_material.cpp">
      <Filter>Исходные файлы</Filter>
    </ClCompile>
    <ClCompile Include="physics_friction.cpp">
      <Filter>Исходные файлы</Filter>
    </ClCompile>
    <ClCompile Include="physics_fluid.cpp">
      <Filter>Исходные файлы</Filter>
    </ClCompile>
    <ClCompile Include="physics_environment.cpp">
      <Filter>Исходные файлы</Filter>
    </ClCompile>
    <ClCompile Include="physics_controller_raycast_vehicle.cpp">
      <Filter>Исходные файлы</Filter>
    </ClCompile>
    <ClCompile Include="physics_constraint.cpp">
      <Filter>Исходные файлы</Filter>
    </ClCompile>
    <ClCompile Include="physics_collide.cpp">
      <Filter>Исходные файлы</Filter>
    </ClCompile>
    <ClCompile Include="physics_airboat.cpp">
      <Filter>Исходные файлы</Filter>
    </ClCompile>
    <ClCompile Include="main.cpp">
      <Filter>Исходные файлы</Filter>
    </ClCompile>
    <ClCompile Include="linear_solver.cpp">
      <Filter>Исходные файлы</Filter>
    </ClCompile>
    <ClCompile Include="ledgewriter.cpp">
      <Filter>Исходные файлы</Filter>
    </ClCompile>
    <ClCompile Include="convert.cpp">
      <Filter>Исходные файлы</Filter>
    </ClCompile>
    <ClCompile Include="vphysics_saverestore.cpp">
      <Filter>Исходные файлы</Filter>
    </ClCompile>
    <ClCompile Include="vcollide_parse.cpp">
      <Filter>Исходные файлы</Filter>
    </ClCompile>
    <ClCompile Include="trace.cpp">
      <Filter>Исходные файлы</Filter>
    </ClCompile>
    <ClCompile Include="stdafx.cpp">
      <Filter>Исходные файлы</Filter>
    </ClCompile>
    <ClCompile Include="physics_virtualmesh.cpp">
      <Filter>Исходные файлы</Filter>
    </ClCompile>
    <ClCompile Include="physics_vehicle.cpp">
      <Filter>Исходные файлы</Filter>
    </ClCompile>
    <ClCompile Include="..\..\include\filesystem_helpers.cpp">
      <Filter>Исходные файлы</Filter>
    </ClCompile>
  </ItemGroup>
  <ItemGroup>
    <ClInclude Include="physics_shadow.h">
      <Filter>Файлы заголовков</Filter>
    </ClInclude>
    <ClInclude Include="physics_object.h">
      <Filter>Файлы заголовков</Filter>
    </ClInclude>
    <ClInclude Include="physics_motioncontroller.h">
      <Filter>Файлы заголовков</Filter>
    </ClInclude>
    <ClInclude Include="physics_material.h">
      <Filter>Файлы заголовков</Filter>
    </ClInclude>
    <ClInclude Include="physics_friction.h">
      <Filter>Файлы заголовков</Filter>
    </ClInclude>
    <ClInclude Include="physics_fluid.h">
      <Filter>Файлы заголовков</Filter>
    </ClInclude>
    <ClInclude Include="physics_environment.h">
      <Filter>Файлы заголовков</Filter>
    </ClInclude>
    <ClInclude Include="physics_controller_raycast_vehicle.h">
      <Filter>Файлы заголовков</Filter>
    </ClInclude>
    <ClInclude Include="physics_constraint.h">
      <Filter>Файлы заголовков</Filter>
    </ClInclude>
    <ClInclude Include="physics_airboat.h">
      <Filter>Файлы заголовков</Filter>
    </ClInclude>
    <ClInclude Include="linear_solver.h">
      <Filter>Файлы заголовков</Filter>
    </ClInclude>
    <ClInclude Include="ledgewriter.h">
      <Filter>Файлы заголовков</Filter>
    </ClInclude>
    <ClInclude Include="convert.h">
      <Filter>Файлы заголовков</Filter>
    </ClInclude>
    <ClInclude Include="cbase.h">
      <Filter>Файлы заголовков</Filter>
    </ClInclude>
    <ClInclude Include="vphysics_saverestore.h">
      <Filter>Файлы заголовков</Filter>
    </ClInclude>
    <ClInclude Include="vphysics_internal.h">
      <Filter>Файлы заголовков</Filter>
    </ClInclude>
    <ClInclude Include="vcollide_parse_private.h">
      <Filter>Файлы заголовков</Filter>
    </ClInclude>
    <ClInclude Include="physics_virtualmesh.h">
      <Filter>Файлы заголовков</Filter>
    </ClInclude>
    <ClInclude Include="physics_vehicle.h">
      <Filter>Файлы заголовков</Filter>
    </ClInclude>
    <ClInclude Include="physics_trace.h">
      <Filter>Файлы заголовков</Filter>
    </ClInclude>
    <ClInclude Include="physics_spring.h">
      <Filter>Файлы заголовков</Filter>
    </ClInclude>
  </ItemGroup>
</Project>