
Microsoft Visual Studio Solution File, Format Version 12.00
# Visual Studio Version 16
VisualStudioVersion = 16.0.29920.165
MinimumVisualStudioVersion = 10.0.40219.1
Project("{8BC9CEB8-8B4A-11D0-8D11-00A0C91BC942}") = "Hammer_dll", "Hammer_dll\Hammer_dll.vcxproj", "{7244A1A6-3DB7-4DA9-BA91-94DD7B8CDC91}"
	ProjectSection(ProjectDependencies) = postProject
		{6C65B550-646B-4483-8E3E-02801DC06B83} = {6C65B550-646B-4483-8E3E-02801DC06B83}
		{B010E3A5-72C3-421C-BBC7-A999E1985F79} = {B010E3A5-72C3-421C-BBC7-A999E1985F79}
		{72F730F9-BB53-4821-A74C-7CB4C2057A86} = {72F730F9-BB53-4821-A74C-7CB4C2057A86}
	EndProjectSection
EndProject
Project("{8BC9CEB8-8B4A-11D0-8D11-00A0C91BC942}") = "Tier0", "Tier0\Tier0.vcxproj", "{FA581397-F3CB-4836-9593-EF1B68321759}"
EndProject
Project("{8BC9CEB8-8B4A-11D0-8D11-00A0C91BC942}") = "Tier1", "Tier1\Tier1.vcxproj", "{51192468-C00F-4ECC-801E-C3A1CB9F7FAB}"
EndProject
Project("{8BC9CEB8-8B4A-11D0-8D11-00A0C91BC942}") = "Tier2", "Tier2\Tier2.vcxproj", "{BC0B12C5-1F4B-4FC3-B2E0-C90C2AC94FDA}"
EndProject
Project("{8BC9CEB8-8B4A-11D0-8D11-00A0C91BC942}") = "Tier3", "Tier3\Tier3.vcxproj", "{F3DD62D3-F834-4221-BEE1-53A0754D61D4}"
EndProject
Project("{8BC9CEB8-8B4A-11D0-8D11-00A0C91BC942}") = "Vstdlib", "Vstdlib\Vstdlib.vcxproj", "{0133FC6B-BF48-4977-863D-8BA66A381C6A}"
EndProject
Project("{8BC9CEB8-8B4A-11D0-8D11-00A0C91BC942}") = "Vgui_controls", "Vgui2\Vgui_controls\Vgui_controls.vcxproj", "{978F853C-A2D8-4ECC-994E-D1160C758408}"
EndProject
Project("{8BC9CEB8-8B4A-11D0-8D11-00A0C91BC942}") = "Mathlib", "Mathlib\Mathlib.vcxproj", "{DB0F08FC-4C9C-45ED-BAD6-CE53739A1D78}"
EndProject
Project("{8BC9CEB8-8B4A-11D0-8D11-00A0C91BC942}") = "Bitmap", "Bitmap\Bitmap.vcxproj", "{032C3F93-A6AF-4251-84C4-AF6D0ADCED92}"
EndProject
Project("{8BC9CEB8-8B4A-11D0-8D11-00A0C91BC942}") = "ChoreoObjects", "ChoreoObjects\ChoreoObjects.vcxproj", "{21B953A6-B7D9-4A32-9486-2209C96CAF7A}"
EndProject
Project("{8BC9CEB8-8B4A-11D0-8D11-00A0C91BC942}") = "Jpeglib", "Utils\Jpeglib\Jpeglib.vcxproj", "{20302565-8937-46C0-BAEE-9900FD70ED56}"
EndProject
Project("{8BC9CEB8-8B4A-11D0-8D11-00A0C91BC942}") = "Datamodel", "Datamodel\Datamodel.vcxproj", "{84EA2FC4-7F54-43CA-BDD3-78B86ED67ACB}"
EndProject
Project("{8BC9CEB8-8B4A-11D0-8D11-00A0C91BC942}") = "Dme_controls", "Vgui2\Dme_controls\Dme_controls.vcxproj", "{712AF987-0128-42AC-92CD-CA89498CBBD1}"
EndProject
Project("{8BC9CEB8-8B4A-11D0-8D11-00A0C91BC942}") = "Matsys_controls", "Vgui2\Matsys_controls\Matsys_controls.vcxproj", "{806F4A0D-86F0-4854-ABB3-0BCB551A547F}"
EndProject
Project("{8BC9CEB8-8B4A-11D0-8D11-00A0C91BC942}") = "Dmserializers", "Dmserializers\Dmserializers.vcxproj", "{16887BFC-3E60-41CC-96D7-7B6ED86787B0}"
EndProject
Project("{8BC9CEB8-8B4A-11D0-8D11-00A0C91BC942}") = "Fgdlib", "Fgdlib\Fgdlib.vcxproj", "{098ED619-5D9C-4BCC-9E33-733BAB9833E5}"
EndProject
Project("{8BC9CEB8-8B4A-11D0-8D11-00A0C91BC942}") = "Movieobjects", "Movieobjects\Movieobjects.vcxproj", "{A44CAD7F-DBBD-47BD-AFB8-CBFD795C0B2F}"
EndProject
Project("{8BC9CEB8-8B4A-11D0-8D11-00A0C91BC942}") = "RayTrace", "RayTrace\RayTrace.vcxproj", "{39767B40-1630-4FD7-A87B-5C99585B6395}"
EndProject
Project("{8BC9CEB8-8B4A-11D0-8D11-00A0C91BC942}") = "Parsifal", "Utils\Parsifal\Parsifal.vcxproj", "{1D9EC0BD-3A6F-4FF2-8384-C07E579CC76F}"
EndProject
Project("{8BC9CEB8-8B4A-11D0-8D11-00A0C91BC942}") = "Hammer", "Hammer\Hammer.vcxproj", "{F86A8D68-EDC7-4FF5-AB63-FE31291D49DC}"
	ProjectSection(ProjectDependencies) = postProject
		{58E8C60C-B6D1-48CB-8F75-A6975E81FBA7} = {58E8C60C-B6D1-48CB-8F75-A6975E81FBA7}
		{DF9F143F-D9D1-48E9-A4A8-C31F88FD0FEC} = {DF9F143F-D9D1-48E9-A4A8-C31F88FD0FEC}
		{4DDE5544-309F-418C-B56E-4DEE883BA795} = {4DDE5544-309F-418C-B56E-4DEE883BA795}
		{45C1B660-A5AF-40C1-ABB3-7F79E639C6E6} = {45C1B660-A5AF-40C1-ABB3-7F79E639C6E6}
		{030B8B84-2A3D-432D-B520-9B87174882D3} = {030B8B84-2A3D-432D-B520-9B87174882D3}
		{B3E06787-5C94-47AC-9F44-08960350112C} = {B3E06787-5C94-47AC-9F44-08960350112C}
		{25C65991-2B9D-49F2-B008-F4608C58A0D9} = {25C65991-2B9D-49F2-B008-F4608C58A0D9}
		{B010E3A5-72C3-421C-BBC7-A999E1985F79} = {B010E3A5-72C3-421C-BBC7-A999E1985F79}
		{7244A1A6-3DB7-4DA9-BA91-94DD7B8CDC91} = {7244A1A6-3DB7-4DA9-BA91-94DD7B8CDC91}
		{46E206D4-0009-4E25-A056-9EB48D3AD10F} = {46E206D4-0009-4E25-A056-9EB48D3AD10F}
		{37233AE5-F856-4BD1-9902-C729CDEE6CCB} = {37233AE5-F856-4BD1-9902-C729CDEE6CCB}
		{B898B4E9-4523-4EC6-8ED0-0BDB0F343445} = {B898B4E9-4523-4EC6-8ED0-0BDB0F343445}
		{72F730F9-BB53-4821-A74C-7CB4C2057A86} = {72F730F9-BB53-4821-A74C-7CB4C2057A86}
	EndProjectSection
EndProject
Project("{8BC9CEB8-8B4A-11D0-8D11-00A0C91BC942}") = "Appframework", "Appframework\Appframework.vcxproj", "{78FAD5EA-74E3-4083-B4B1-F0BD1BD629F7}"
EndProject
Project("{8BC9CEB8-8B4A-11D0-8D11-00A0C91BC942}") = "Materialsystem", "Materialsystem\Materialsystem.vcxproj", "{B010E3A5-72C3-421C-BBC7-A999E1985F79}"
	ProjectSection(ProjectDependencies) = postProject
		{EBC3851E-3F19-4E66-8436-2F8E25E5B249} = {EBC3851E-3F19-4E66-8436-2F8E25E5B249}
	EndProjectSection
EndProject
Project("{2150E333-8FDC-42A3-9474-1A3956D46DE8}") = "Materialsystem", "Materialsystem", "{5237044D-E9DD-4749-86DF-2DFDDA9D6225}"
EndProject
Project("{8BC9CEB8-8B4A-11D0-8D11-00A0C91BC942}") = "Shaderapidx9", "Materialsystem\Shaderapidx9\Shaderapidx9.vcxproj", "{58E8C60C-B6D1-48CB-8F75-A6975E81FBA7}"
EndProject
Project("{8BC9CEB8-8B4A-11D0-8D11-00A0C91BC942}") = "Shaderlib", "Materialsystem\Shaderlib\Shaderlib.vcxproj", "{F60E9CF7-EC7C-4DD7-A30A-8E1148E7F3B7}"
EndProject
Project("{8BC9CEB8-8B4A-11D0-8D11-00A0C91BC942}") = "StdShader_DX9", "Materialsystem\Stdshaders\StdShader_DX9.vcxproj", "{EBC3851E-3F19-4E66-8436-2F8E25E5B249}"
EndProject
Project("{2150E333-8FDC-42A3-9474-1A3956D46DE8}") = "Utils", "Utils", "{ED541AC9-1D5A-424C-A8B4-E95210751B65}"
EndProject
Project("{2150E333-8FDC-42A3-9474-1A3956D46DE8}") = "VGui2", "VGui2", "{A5436A7F-B5A3-443D-A020-25B42C05154C}"
EndProject
Project("{8BC9CEB8-8B4A-11D0-8D11-00A0C91BC942}") = "StudioRender", "StudioRender\StudioRender.vcxproj", "{45C1B660-A5AF-40C1-ABB3-7F79E639C6E6}"
EndProject
Project("{8BC9CEB8-8B4A-11D0-8D11-00A0C91BC942}") = "Inputsystem", "Inputsystem\Inputsystem.vcxproj", "{46E206D4-0009-4E25-A056-9EB48D3AD10F}"
EndProject
Project("{8BC9CEB8-8B4A-11D0-8D11-00A0C91BC942}") = "Vphysics", "Vphysics\Vphysics.vcxproj", "{4DDE5544-309F-418C-B56E-4DEE883BA795}"
EndProject
Project("{8BC9CEB8-8B4A-11D0-8D11-00A0C91BC942}") = "Vguimatsurface", "Vguimatsurface\Vguimatsurface.vcxproj", "{DF9F143F-D9D1-48E9-A4A8-C31F88FD0FEC}"
EndProject
Project("{8BC9CEB8-8B4A-11D0-8D11-00A0C91BC942}") = "Vgui2", "Vgui2\Vgui2\Vgui2.vcxproj", "{25C65991-2B9D-49F2-B008-F4608C58A0D9}"
EndProject
Project("{8BC9CEB8-8B4A-11D0-8D11-00A0C91BC942}") = "Vgui_surfacelib", "Vgui2\Vgui_surfacelib\Vgui_surfacelib.vcxproj", "{EF7A0F84-FF66-458F-9F49-7DA186A901DE}"
EndProject
Project("{8BC9CEB8-8B4A-11D0-8D11-00A0C91BC942}") = "Datacache", "Datacache\Datacache.vcxproj", "{72F730F9-BB53-4821-A74C-7CB4C2057A86}"
EndProject
Project("{8BC9CEB8-8B4A-11D0-8D11-00A0C91BC942}") = "Vtf", "Vtf\Vtf.vcxproj", "{D20D2E26-FDBA-4254-B426-03F35A6E389B}"
EndProject
Project("{8BC9CEB8-8B4A-11D0-8D11-00A0C91BC942}") = "BulletCollision", "Utils\Bullet\msvc\BulletCollision\BulletCollision.vcxproj", "{2EB230C3-D082-4F16-98B0-262F12F95574}"
EndProject
Project("{8BC9CEB8-8B4A-11D0-8D11-00A0C91BC942}") = "BulletDynamics", "Utils\Bullet\msvc\BulletDynamics\BulletDynamics.vcxproj", "{686CD8BA-2E72-4ED1-AE19-6F72F85DCA0B}"
EndProject
Project("{8BC9CEB8-8B4A-11D0-8D11-00A0C91BC942}") = "BulletMultiThreaded", "Utils\Bullet\msvc\BulletMultiThreaded\BulletMultiThreaded.vcxproj", "{5A46389C-19BC-48B6-B94E-388FEB765DA7}"
EndProject
Project("{8BC9CEB8-8B4A-11D0-8D11-00A0C91BC942}") = "BulletSoftBody", "Utils\Bullet\msvc\BulletSoftBody\BulletSoftBody.vcxproj", "{8D05EC3F-BFD7-4288-B2D0-44C5C71A1A0E}"
EndProject
Project("{8BC9CEB8-8B4A-11D0-8D11-00A0C91BC942}") = "LinearMath", "Utils\Bullet\msvc\LinearMath\LinearMath.vcxproj", "{F60B05DE-500C-42EB-8A96-652339877072}"
EndProject
Project("{2150E333-8FDC-42A3-9474-1A3956D46DE8}") = "Blullet", "Blullet", "{CD2DCADC-DE1D-41A3-8FCF-117E2668149B}"
EndProject
Project("{8BC9CEB8-8B4A-11D0-8D11-00A0C91BC942}") = "FileSystem_Stdio", "FileSystem_Stdio\FileSystem_Stdio.vcxproj", "{B3E06787-5C94-47AC-9F44-08960350112C}"
EndProject
Project("{8BC9CEB8-8B4A-11D0-8D11-00A0C91BC942}") = "Bzip2", "Utils\Bzip2\Bzip2.vcxproj", "{AD9EE5EC-C54D-4C6E-B27C-1D2B09877637}"
EndProject
Project("{8BC9CEB8-8B4A-11D0-8D11-00A0C91BC942}") = "FileSystemOpenDialog", "Utils\FileSystemOpenDialog\FileSystemOpenDialog.vcxproj", "{6C65B550-646B-4483-8E3E-02801DC06B83}"
EndProject
Project("{8BC9CEB8-8B4A-11D0-8D11-00A0C91BC942}") = "Vbsp", "Utils\Vbsp\Vbsp.vcxproj", "{030B8B84-2A3D-432D-B520-9B87174882D3}"
	ProjectSection(ProjectDependencies) = postProject
		{4DDE5544-309F-418C-B56E-4DEE883BA795} = {4DDE5544-309F-418C-B56E-4DEE883BA795}
	EndProjectSection
EndProject
Project("{8BC9CEB8-8B4A-11D0-8D11-00A0C91BC942}") = "Vmpi", "Utils\Vmpi\Vmpi.vcxproj", "{9801CBCF-B73B-4AAA-A540-37489E5B733C}"
EndProject
Project("{8BC9CEB8-8B4A-11D0-8D11-00A0C91BC942}") = "ZLib", "Utils\ZLib\ZLib.vcxproj", "{369F9413-6DB3-41CB-A46E-3E7F73D1D13A}"
EndProject
Project("{8BC9CEB8-8B4A-11D0-8D11-00A0C91BC942}") = "Vvis_dll", "Utils\Vvis_dll\Vvis_dll.vcxproj", "{8E71EE14-2D5A-40C9-84E3-7B0365645B5D}"
EndProject
Project("{8BC9CEB8-8B4A-11D0-8D11-00A0C91BC942}") = "Vrad_dll", "Utils\Vrad_dll\Vrad_dll.vcxproj", "{88C2B48F-D18A-4E8A-A33C-56D129D24A5E}"
EndProject
Project("{8BC9CEB8-8B4A-11D0-8D11-00A0C91BC942}") = "Vvis", "Utils\Vvis\Vvis.vcxproj", "{B898B4E9-4523-4EC6-8ED0-0BDB0F343445}"
	ProjectSection(ProjectDependencies) = postProject
		{8E71EE14-2D5A-40C9-84E3-7B0365645B5D} = {8E71EE14-2D5A-40C9-84E3-7B0365645B5D}
	EndProjectSection
EndProject
Project("{8BC9CEB8-8B4A-11D0-8D11-00A0C91BC942}") = "Vrad", "Utils\Vrad\Vrad.vcxproj", "{37233AE5-F856-4BD1-9902-C729CDEE6CCB}"
	ProjectSection(ProjectDependencies) = postProject
		{88C2B48F-D18A-4E8A-A33C-56D129D24A5E} = {88C2B48F-D18A-4E8A-A33C-56D129D24A5E}
	EndProjectSection
EndProject
Global
	GlobalSection(SolutionConfigurationPlatforms) = preSolution
		Debug|x64 = Debug|x64
		Debug|x86 = Debug|x86
		Release|x64 = Release|x64
		Release|x86 = Release|x86
	EndGlobalSection
	GlobalSection(ProjectConfigurationPlatforms) = postSolution
		{7244A1A6-3DB7-4DA9-BA91-94DD7B8CDC91}.Debug|x64.ActiveCfg = Debug|x64
		{7244A1A6-3DB7-4DA9-BA91-94DD7B8CDC91}.Debug|x64.Build.0 = Debug|x64
		{7244A1A6-3DB7-4DA9-BA91-94DD7B8CDC91}.Debug|x86.ActiveCfg = Debug|Win32
		{7244A1A6-3DB7-4DA9-BA91-94DD7B8CDC91}.Debug|x86.Build.0 = Debug|Win32
		{7244A1A6-3DB7-4DA9-BA91-94DD7B8CDC91}.Release|x64.ActiveCfg = Release|x64
		{7244A1A6-3DB7-4DA9-BA91-94DD7B8CDC91}.Release|x64.Build.0 = Release|x64
		{7244A1A6-3DB7-4DA9-BA91-94DD7B8CDC91}.Release|x86.ActiveCfg = Release|Win32
		{7244A1A6-3DB7-4DA9-BA91-94DD7B8CDC91}.Release|x86.Build.0 = Release|Win32
		{FA581397-F3CB-4836-9593-EF1B68321759}.Debug|x64.ActiveCfg = Debug|x64
		{FA581397-F3CB-4836-9593-EF1B68321759}.Debug|x64.Build.0 = Debug|x64
		{FA581397-F3CB-4836-9593-EF1B68321759}.Debug|x86.ActiveCfg = Debug|Win32
		{FA581397-F3CB-4836-9593-EF1B68321759}.Debug|x86.Build.0 = Debug|Win32
		{FA581397-F3CB-4836-9593-EF1B68321759}.Release|x64.ActiveCfg = Release|x64
		{FA581397-F3CB-4836-9593-EF1B68321759}.Release|x64.Build.0 = Release|x64
		{FA581397-F3CB-4836-9593-EF1B68321759}.Release|x86.ActiveCfg = Release|Win32
		{FA581397-F3CB-4836-9593-EF1B68321759}.Release|x86.Build.0 = Release|Win32
		{51192468-C00F-4ECC-801E-C3A1CB9F7FAB}.Debug|x64.ActiveCfg = Debug|x64
		{51192468-C00F-4ECC-801E-C3A1CB9F7FAB}.Debug|x64.Build.0 = Debug|x64
		{51192468-C00F-4ECC-801E-C3A1CB9F7FAB}.Debug|x86.ActiveCfg = Debug|Win32
		{51192468-C00F-4ECC-801E-C3A1CB9F7FAB}.Debug|x86.Build.0 = Debug|Win32
		{51192468-C00F-4ECC-801E-C3A1CB9F7FAB}.Release|x64.ActiveCfg = Release|x64
		{51192468-C00F-4ECC-801E-C3A1CB9F7FAB}.Release|x64.Build.0 = Release|x64
		{51192468-C00F-4ECC-801E-C3A1CB9F7FAB}.Release|x86.ActiveCfg = Release|Win32
		{51192468-C00F-4ECC-801E-C3A1CB9F7FAB}.Release|x86.Build.0 = Release|Win32
		{BC0B12C5-1F4B-4FC3-B2E0-C90C2AC94FDA}.Debug|x64.ActiveCfg = Debug|x64
		{BC0B12C5-1F4B-4FC3-B2E0-C90C2AC94FDA}.Debug|x64.Build.0 = Debug|x64
		{BC0B12C5-1F4B-4FC3-B2E0-C90C2AC94FDA}.Debug|x86.ActiveCfg = Debug|Win32
		{BC0B12C5-1F4B-4FC3-B2E0-C90C2AC94FDA}.Debug|x86.Build.0 = Debug|Win32
		{BC0B12C5-1F4B-4FC3-B2E0-C90C2AC94FDA}.Release|x64.ActiveCfg = Release|x64
		{BC0B12C5-1F4B-4FC3-B2E0-C90C2AC94FDA}.Release|x64.Build.0 = Release|x64
		{BC0B12C5-1F4B-4FC3-B2E0-C90C2AC94FDA}.Release|x86.ActiveCfg = Release|Win32
		{BC0B12C5-1F4B-4FC3-B2E0-C90C2AC94FDA}.Release|x86.Build.0 = Release|Win32
		{F3DD62D3-F834-4221-BEE1-53A0754D61D4}.Debug|x64.ActiveCfg = Debug|x64
		{F3DD62D3-F834-4221-BEE1-53A0754D61D4}.Debug|x64.Build.0 = Debug|x64
		{F3DD62D3-F834-4221-BEE1-53A0754D61D4}.Debug|x86.ActiveCfg = Debug|Win32
		{F3DD62D3-F834-4221-BEE1-53A0754D61D4}.Debug|x86.Build.0 = Debug|Win32
		{F3DD62D3-F834-4221-BEE1-53A0754D61D4}.Release|x64.ActiveCfg = Release|x64
		{F3DD62D3-F834-4221-BEE1-53A0754D61D4}.Release|x64.Build.0 = Release|x64
		{F3DD62D3-F834-4221-BEE1-53A0754D61D4}.Release|x86.ActiveCfg = Release|Win32
		{F3DD62D3-F834-4221-BEE1-53A0754D61D4}.Release|x86.Build.0 = Release|Win32
		{0133FC6B-BF48-4977-863D-8BA66A381C6A}.Debug|x64.ActiveCfg = Debug|x64
		{0133FC6B-BF48-4977-863D-8BA66A381C6A}.Debug|x64.Build.0 = Debug|x64
		{0133FC6B-BF48-4977-863D-8BA66A381C6A}.Debug|x86.ActiveCfg = Debug|Win32
		{0133FC6B-BF48-4977-863D-8BA66A381C6A}.Debug|x86.Build.0 = Debug|Win32
		{0133FC6B-BF48-4977-863D-8BA66A381C6A}.Release|x64.ActiveCfg = Release|x64
		{0133FC6B-BF48-4977-863D-8BA66A381C6A}.Release|x64.Build.0 = Release|x64
		{0133FC6B-BF48-4977-863D-8BA66A381C6A}.Release|x86.ActiveCfg = Release|Win32
		{0133FC6B-BF48-4977-863D-8BA66A381C6A}.Release|x86.Build.0 = Release|Win32
		{978F853C-A2D8-4ECC-994E-D1160C758408}.Debug|x64.ActiveCfg = Debug|x64
		{978F853C-A2D8-4ECC-994E-D1160C758408}.Debug|x64.Build.0 = Debug|x64
		{978F853C-A2D8-4ECC-994E-D1160C758408}.Debug|x86.ActiveCfg = Debug|Win32
		{978F853C-A2D8-4ECC-994E-D1160C758408}.Debug|x86.Build.0 = Debug|Win32
		{978F853C-A2D8-4ECC-994E-D1160C758408}.Release|x64.ActiveCfg = Release|x64
		{978F853C-A2D8-4ECC-994E-D1160C758408}.Release|x64.Build.0 = Release|x64
		{978F853C-A2D8-4ECC-994E-D1160C758408}.Release|x86.ActiveCfg = Release|Win32
		{978F853C-A2D8-4ECC-994E-D1160C758408}.Release|x86.Build.0 = Release|Win32
		{DB0F08FC-4C9C-45ED-BAD6-CE53739A1D78}.Debug|x64.ActiveCfg = Debug|x64
		{DB0F08FC-4C9C-45ED-BAD6-CE53739A1D78}.Debug|x64.Build.0 = Debug|x64
		{DB0F08FC-4C9C-45ED-BAD6-CE53739A1D78}.Debug|x86.ActiveCfg = Debug|Win32
		{DB0F08FC-4C9C-45ED-BAD6-CE53739A1D78}.Debug|x86.Build.0 = Debug|Win32
		{DB0F08FC-4C9C-45ED-BAD6-CE53739A1D78}.Release|x64.ActiveCfg = Release|x64
		{DB0F08FC-4C9C-45ED-BAD6-CE53739A1D78}.Release|x64.Build.0 = Release|x64
		{DB0F08FC-4C9C-45ED-BAD6-CE53739A1D78}.Release|x86.ActiveCfg = Release|Win32
		{DB0F08FC-4C9C-45ED-BAD6-CE53739A1D78}.Release|x86.Build.0 = Release|Win32
		{032C3F93-A6AF-4251-84C4-AF6D0ADCED92}.Debug|x64.ActiveCfg = Debug|x64
		{032C3F93-A6AF-4251-84C4-AF6D0ADCED92}.Debug|x64.Build.0 = Debug|x64
		{032C3F93-A6AF-4251-84C4-AF6D0ADCED92}.Debug|x86.ActiveCfg = Debug|Win32
		{032C3F93-A6AF-4251-84C4-AF6D0ADCED92}.Debug|x86.Build.0 = Debug|Win32
		{032C3F93-A6AF-4251-84C4-AF6D0ADCED92}.Release|x64.ActiveCfg = Release|x64
		{032C3F93-A6AF-4251-84C4-AF6D0ADCED92}.Release|x64.Build.0 = Release|x64
		{032C3F93-A6AF-4251-84C4-AF6D0ADCED92}.Release|x86.ActiveCfg = Release|Win32
		{032C3F93-A6AF-4251-84C4-AF6D0ADCED92}.Release|x86.Build.0 = Release|Win32
		{21B953A6-B7D9-4A32-9486-2209C96CAF7A}.Debug|x64.ActiveCfg = Debug|x64
		{21B953A6-B7D9-4A32-9486-2209C96CAF7A}.Debug|x64.Build.0 = Debug|x64
		{21B953A6-B7D9-4A32-9486-2209C96CAF7A}.Debug|x86.ActiveCfg = Debug|Win32
		{21B953A6-B7D9-4A32-9486-2209C96CAF7A}.Debug|x86.Build.0 = Debug|Win32
		{21B953A6-B7D9-4A32-9486-2209C96CAF7A}.Release|x64.ActiveCfg = Release|x64
		{21B953A6-B7D9-4A32-9486-2209C96CAF7A}.Release|x64.Build.0 = Release|x64
		{21B953A6-B7D9-4A32-9486-2209C96CAF7A}.Release|x86.ActiveCfg = Release|Win32
		{21B953A6-B7D9-4A32-9486-2209C96CAF7A}.Release|x86.Build.0 = Release|Win32
		{20302565-8937-46C0-BAEE-9900FD70ED56}.Debug|x64.ActiveCfg = Debug|x64
		{20302565-8937-46C0-BAEE-9900FD70ED56}.Debug|x64.Build.0 = Debug|x64
		{20302565-8937-46C0-BAEE-9900FD70ED56}.Debug|x86.ActiveCfg = Debug|Win32
		{20302565-8937-46C0-BAEE-9900FD70ED56}.Debug|x86.Build.0 = Debug|Win32
		{20302565-8937-46C0-BAEE-9900FD70ED56}.Release|x64.ActiveCfg = Release|x64
		{20302565-8937-46C0-BAEE-9900FD70ED56}.Release|x64.Build.0 = Release|x64
		{20302565-8937-46C0-BAEE-9900FD70ED56}.Release|x86.ActiveCfg = Release|Win32
		{20302565-8937-46C0-BAEE-9900FD70ED56}.Release|x86.Build.0 = Release|Win32
		{84EA2FC4-7F54-43CA-BDD3-78B86ED67ACB}.Debug|x64.ActiveCfg = Debug|x64
		{84EA2FC4-7F54-43CA-BDD3-78B86ED67ACB}.Debug|x64.Build.0 = Debug|x64
		{84EA2FC4-7F54-43CA-BDD3-78B86ED67ACB}.Debug|x86.ActiveCfg = Debug|Win32
		{84EA2FC4-7F54-43CA-BDD3-78B86ED67ACB}.Debug|x86.Build.0 = Debug|Win32
		{84EA2FC4-7F54-43CA-BDD3-78B86ED67ACB}.Release|x64.ActiveCfg = Release|x64
		{84EA2FC4-7F54-43CA-BDD3-78B86ED67ACB}.Release|x64.Build.0 = Release|x64
		{84EA2FC4-7F54-43CA-BDD3-78B86ED67ACB}.Release|x86.ActiveCfg = Release|Win32
		{84EA2FC4-7F54-43CA-BDD3-78B86ED67ACB}.Release|x86.Build.0 = Release|Win32
		{712AF987-0128-42AC-92CD-CA89498CBBD1}.Debug|x64.ActiveCfg = Debug|x64
		{712AF987-0128-42AC-92CD-CA89498CBBD1}.Debug|x64.Build.0 = Debug|x64
		{712AF987-0128-42AC-92CD-CA89498CBBD1}.Debug|x86.ActiveCfg = Debug|Win32
		{712AF987-0128-42AC-92CD-CA89498CBBD1}.Debug|x86.Build.0 = Debug|Win32
		{712AF987-0128-42AC-92CD-CA89498CBBD1}.Release|x64.ActiveCfg = Release|x64
		{712AF987-0128-42AC-92CD-CA89498CBBD1}.Release|x64.Build.0 = Release|x64
		{712AF987-0128-42AC-92CD-CA89498CBBD1}.Release|x86.ActiveCfg = Release|Win32
		{712AF987-0128-42AC-92CD-CA89498CBBD1}.Release|x86.Build.0 = Release|Win32
		{806F4A0D-86F0-4854-ABB3-0BCB551A547F}.Debug|x64.ActiveCfg = Debug|x64
		{806F4A0D-86F0-4854-ABB3-0BCB551A547F}.Debug|x64.Build.0 = Debug|x64
		{806F4A0D-86F0-4854-ABB3-0BCB551A547F}.Debug|x86.ActiveCfg = Debug|Win32
		{806F4A0D-86F0-4854-ABB3-0BCB551A547F}.Debug|x86.Build.0 = Debug|Win32
		{806F4A0D-86F0-4854-ABB3-0BCB551A547F}.Release|x64.ActiveCfg = Release|x64
		{806F4A0D-86F0-4854-ABB3-0BCB551A547F}.Release|x64.Build.0 = Release|x64
		{806F4A0D-86F0-4854-ABB3-0BCB551A547F}.Release|x86.ActiveCfg = Release|Win32
		{806F4A0D-86F0-4854-ABB3-0BCB551A547F}.Release|x86.Build.0 = Release|Win32
		{16887BFC-3E60-41CC-96D7-7B6ED86787B0}.Debug|x64.ActiveCfg = Debug|x64
		{16887BFC-3E60-41CC-96D7-7B6ED86787B0}.Debug|x64.Build.0 = Debug|x64
		{16887BFC-3E60-41CC-96D7-7B6ED86787B0}.Debug|x86.ActiveCfg = Debug|Win32
		{16887BFC-3E60-41CC-96D7-7B6ED86787B0}.Debug|x86.Build.0 = Debug|Win32
		{16887BFC-3E60-41CC-96D7-7B6ED86787B0}.Release|x64.ActiveCfg = Release|x64
		{16887BFC-3E60-41CC-96D7-7B6ED86787B0}.Release|x64.Build.0 = Release|x64
		{16887BFC-3E60-41CC-96D7-7B6ED86787B0}.Release|x86.ActiveCfg = Release|Win32
		{16887BFC-3E60-41CC-96D7-7B6ED86787B0}.Release|x86.Build.0 = Release|Win32
		{098ED619-5D9C-4BCC-9E33-733BAB9833E5}.Debug|x64.ActiveCfg = Debug|x64
		{098ED619-5D9C-4BCC-9E33-733BAB9833E5}.Debug|x64.Build.0 = Debug|x64
		{098ED619-5D9C-4BCC-9E33-733BAB9833E5}.Debug|x86.ActiveCfg = Debug|Win32
		{098ED619-5D9C-4BCC-9E33-733BAB9833E5}.Debug|x86.Build.0 = Debug|Win32
		{098ED619-5D9C-4BCC-9E33-733BAB9833E5}.Release|x64.ActiveCfg = Release|x64
		{098ED619-5D9C-4BCC-9E33-733BAB9833E5}.Release|x64.Build.0 = Release|x64
		{098ED619-5D9C-4BCC-9E33-733BAB9833E5}.Release|x86.ActiveCfg = Release|Win32
		{098ED619-5D9C-4BCC-9E33-733BAB9833E5}.Release|x86.Build.0 = Release|Win32
		{A44CAD7F-DBBD-47BD-AFB8-CBFD795C0B2F}.Debug|x64.ActiveCfg = Debug|x64
		{A44CAD7F-DBBD-47BD-AFB8-CBFD795C0B2F}.Debug|x64.Build.0 = Debug|x64
		{A44CAD7F-DBBD-47BD-AFB8-CBFD795C0B2F}.Debug|x86.ActiveCfg = Debug|Win32
		{A44CAD7F-DBBD-47BD-AFB8-CBFD795C0B2F}.Debug|x86.Build.0 = Debug|Win32
		{A44CAD7F-DBBD-47BD-AFB8-CBFD795C0B2F}.Release|x64.ActiveCfg = Release|x64
		{A44CAD7F-DBBD-47BD-AFB8-CBFD795C0B2F}.Release|x64.Build.0 = Release|x64
		{A44CAD7F-DBBD-47BD-AFB8-CBFD795C0B2F}.Release|x86.ActiveCfg = Release|Win32
		{A44CAD7F-DBBD-47BD-AFB8-CBFD795C0B2F}.Release|x86.Build.0 = Release|Win32
		{39767B40-1630-4FD7-A87B-5C99585B6395}.Debug|x64.ActiveCfg = Debug|x64
		{39767B40-1630-4FD7-A87B-5C99585B6395}.Debug|x64.Build.0 = Debug|x64
		{39767B40-1630-4FD7-A87B-5C99585B6395}.Debug|x86.ActiveCfg = Debug|Win32
		{39767B40-1630-4FD7-A87B-5C99585B6395}.Debug|x86.Build.0 = Debug|Win32
		{39767B40-1630-4FD7-A87B-5C99585B6395}.Release|x64.ActiveCfg = Release|x64
		{39767B40-1630-4FD7-A87B-5C99585B6395}.Release|x64.Build.0 = Release|x64
		{39767B40-1630-4FD7-A87B-5C99585B6395}.Release|x86.ActiveCfg = Release|Win32
		{39767B40-1630-4FD7-A87B-5C99585B6395}.Release|x86.Build.0 = Release|Win32
		{1D9EC0BD-3A6F-4FF2-8384-C07E579CC76F}.Debug|x64.ActiveCfg = Debug|x64
		{1D9EC0BD-3A6F-4FF2-8384-C07E579CC76F}.Debug|x64.Build.0 = Debug|x64
		{1D9EC0BD-3A6F-4FF2-8384-C07E579CC76F}.Debug|x86.ActiveCfg = Debug|Win32
		{1D9EC0BD-3A6F-4FF2-8384-C07E579CC76F}.Debug|x86.Build.0 = Debug|Win32
		{1D9EC0BD-3A6F-4FF2-8384-C07E579CC76F}.Release|x64.ActiveCfg = Release|x64
		{1D9EC0BD-3A6F-4FF2-8384-C07E579CC76F}.Release|x64.Build.0 = Release|x64
		{1D9EC0BD-3A6F-4FF2-8384-C07E579CC76F}.Release|x86.ActiveCfg = Release|Win32
		{1D9EC0BD-3A6F-4FF2-8384-C07E579CC76F}.Release|x86.Build.0 = Release|Win32
		{F86A8D68-EDC7-4FF5-AB63-FE31291D49DC}.Debug|x64.ActiveCfg = Debug|x64
		{F86A8D68-EDC7-4FF5-AB63-FE31291D49DC}.Debug|x64.Build.0 = Debug|x64
		{F86A8D68-EDC7-4FF5-AB63-FE31291D49DC}.Debug|x86.ActiveCfg = Debug|Win32
		{F86A8D68-EDC7-4FF5-AB63-FE31291D49DC}.Debug|x86.Build.0 = Debug|Win32
		{F86A8D68-EDC7-4FF5-AB63-FE31291D49DC}.Release|x64.ActiveCfg = Release|x64
		{F86A8D68-EDC7-4FF5-AB63-FE31291D49DC}.Release|x64.Build.0 = Release|x64
		{F86A8D68-EDC7-4FF5-AB63-FE31291D49DC}.Release|x86.ActiveCfg = Release|Win32
		{F86A8D68-EDC7-4FF5-AB63-FE31291D49DC}.Release|x86.Build.0 = Release|Win32
		{78FAD5EA-74E3-4083-B4B1-F0BD1BD629F7}.Debug|x64.ActiveCfg = Debug|x64
		{78FAD5EA-74E3-4083-B4B1-F0BD1BD629F7}.Debug|x64.Build.0 = Debug|x64
		{78FAD5EA-74E3-4083-B4B1-F0BD1BD629F7}.Debug|x86.ActiveCfg = Debug|Win32
		{78FAD5EA-74E3-4083-B4B1-F0BD1BD629F7}.Debug|x86.Build.0 = Debug|Win32
		{78FAD5EA-74E3-4083-B4B1-F0BD1BD629F7}.Release|x64.ActiveCfg = Release|x64
		{78FAD5EA-74E3-4083-B4B1-F0BD1BD629F7}.Release|x64.Build.0 = Release|x64
		{78FAD5EA-74E3-4083-B4B1-F0BD1BD629F7}.Release|x86.ActiveCfg = Release|Win32
		{78FAD5EA-74E3-4083-B4B1-F0BD1BD629F7}.Release|x86.Build.0 = Release|Win32
		{B010E3A5-72C3-421C-BBC7-A999E1985F79}.Debug|x64.ActiveCfg = Debug|x64
		{B010E3A5-72C3-421C-BBC7-A999E1985F79}.Debug|x64.Build.0 = Debug|x64
		{B010E3A5-72C3-421C-BBC7-A999E1985F79}.Debug|x86.ActiveCfg = Debug|Win32
		{B010E3A5-72C3-421C-BBC7-A999E1985F79}.Debug|x86.Build.0 = Debug|Win32
		{B010E3A5-72C3-421C-BBC7-A999E1985F79}.Release|x64.ActiveCfg = Release|x64
		{B010E3A5-72C3-421C-BBC7-A999E1985F79}.Release|x64.Build.0 = Release|x64
		{B010E3A5-72C3-421C-BBC7-A999E1985F79}.Release|x86.ActiveCfg = Release|Win32
		{B010E3A5-72C3-421C-BBC7-A999E1985F79}.Release|x86.Build.0 = Release|Win32
		{58E8C60C-B6D1-48CB-8F75-A6975E81FBA7}.Debug|x64.ActiveCfg = Debug|x64
		{58E8C60C-B6D1-48CB-8F75-A6975E81FBA7}.Debug|x64.Build.0 = Debug|x64
		{58E8C60C-B6D1-48CB-8F75-A6975E81FBA7}.Debug|x86.ActiveCfg = Debug|Win32
		{58E8C60C-B6D1-48CB-8F75-A6975E81FBA7}.Debug|x86.Build.0 = Debug|Win32
		{58E8C60C-B6D1-48CB-8F75-A6975E81FBA7}.Release|x64.ActiveCfg = Release|x64
		{58E8C60C-B6D1-48CB-8F75-A6975E81FBA7}.Release|x64.Build.0 = Release|x64
		{58E8C60C-B6D1-48CB-8F75-A6975E81FBA7}.Release|x86.ActiveCfg = Release|Win32
		{58E8C60C-B6D1-48CB-8F75-A6975E81FBA7}.Release|x86.Build.0 = Release|Win32
		{F60E9CF7-EC7C-4DD7-A30A-8E1148E7F3B7}.Debug|x64.ActiveCfg = Debug|x64
		{F60E9CF7-EC7C-4DD7-A30A-8E1148E7F3B7}.Debug|x64.Build.0 = Debug|x64
		{F60E9CF7-EC7C-4DD7-A30A-8E1148E7F3B7}.Debug|x86.ActiveCfg = Debug|Win32
		{F60E9CF7-EC7C-4DD7-A30A-8E1148E7F3B7}.Debug|x86.Build.0 = Debug|Win32
		{F60E9CF7-EC7C-4DD7-A30A-8E1148E7F3B7}.Release|x64.ActiveCfg = Release|x64
		{F60E9CF7-EC7C-4DD7-A30A-8E1148E7F3B7}.Release|x64.Build.0 = Release|x64
		{F60E9CF7-EC7C-4DD7-A30A-8E1148E7F3B7}.Release|x86.ActiveCfg = Release|Win32
		{F60E9CF7-EC7C-4DD7-A30A-8E1148E7F3B7}.Release|x86.Build.0 = Release|Win32
		{EBC3851E-3F19-4E66-8436-2F8E25E5B249}.Debug|x64.ActiveCfg = Debug|x64
		{EBC3851E-3F19-4E66-8436-2F8E25E5B249}.Debug|x64.Build.0 = Debug|x64
		{EBC3851E-3F19-4E66-8436-2F8E25E5B249}.Debug|x86.ActiveCfg = Debug|Win32
		{EBC3851E-3F19-4E66-8436-2F8E25E5B249}.Debug|x86.Build.0 = Debug|Win32
		{EBC3851E-3F19-4E66-8436-2F8E25E5B249}.Release|x64.ActiveCfg = Release|x64
		{EBC3851E-3F19-4E66-8436-2F8E25E5B249}.Release|x64.Build.0 = Release|x64
		{EBC3851E-3F19-4E66-8436-2F8E25E5B249}.Release|x86.ActiveCfg = Release|Win32
		{EBC3851E-3F19-4E66-8436-2F8E25E5B249}.Release|x86.Build.0 = Release|Win32
		{45C1B660-A5AF-40C1-ABB3-7F79E639C6E6}.Debug|x64.ActiveCfg = Debug|x64
		{45C1B660-A5AF-40C1-ABB3-7F79E639C6E6}.Debug|x64.Build.0 = Debug|x64
		{45C1B660-A5AF-40C1-ABB3-7F79E639C6E6}.Debug|x86.ActiveCfg = Debug|Win32
		{45C1B660-A5AF-40C1-ABB3-7F79E639C6E6}.Debug|x86.Build.0 = Debug|Win32
		{45C1B660-A5AF-40C1-ABB3-7F79E639C6E6}.Release|x64.ActiveCfg = Release|x64
		{45C1B660-A5AF-40C1-ABB3-7F79E639C6E6}.Release|x64.Build.0 = Release|x64
		{45C1B660-A5AF-40C1-ABB3-7F79E639C6E6}.Release|x86.ActiveCfg = Release|Win32
		{45C1B660-A5AF-40C1-ABB3-7F79E639C6E6}.Release|x86.Build.0 = Release|Win32
		{46E206D4-0009-4E25-A056-9EB48D3AD10F}.Debug|x64.ActiveCfg = Debug|x64
		{46E206D4-0009-4E25-A056-9EB48D3AD10F}.Debug|x64.Build.0 = Debug|x64
		{46E206D4-0009-4E25-A056-9EB48D3AD10F}.Debug|x86.ActiveCfg = Debug|Win32
		{46E206D4-0009-4E25-A056-9EB48D3AD10F}.Debug|x86.Build.0 = Debug|Win32
		{46E206D4-0009-4E25-A056-9EB48D3AD10F}.Release|x64.ActiveCfg = Release|x64
		{46E206D4-0009-4E25-A056-9EB48D3AD10F}.Release|x64.Build.0 = Release|x64
		{46E206D4-0009-4E25-A056-9EB48D3AD10F}.Release|x86.ActiveCfg = Release|Win32
		{46E206D4-0009-4E25-A056-9EB48D3AD10F}.Release|x86.Build.0 = Release|Win32
		{4DDE5544-309F-418C-B56E-4DEE883BA795}.Debug|x64.ActiveCfg = Debug|x64
		{4DDE5544-309F-418C-B56E-4DEE883BA795}.Debug|x64.Build.0 = Debug|x64
		{4DDE5544-309F-418C-B56E-4DEE883BA795}.Debug|x86.ActiveCfg = Debug|Win32
		{4DDE5544-309F-418C-B56E-4DEE883BA795}.Debug|x86.Build.0 = Debug|Win32
		{4DDE5544-309F-418C-B56E-4DEE883BA795}.Release|x64.ActiveCfg = Release|x64
		{4DDE5544-309F-418C-B56E-4DEE883BA795}.Release|x64.Build.0 = Release|x64
		{4DDE5544-309F-418C-B56E-4DEE883BA795}.Release|x86.ActiveCfg = Release|Win32
		{4DDE5544-309F-418C-B56E-4DEE883BA795}.Release|x86.Build.0 = Release|Win32
		{DF9F143F-D9D1-48E9-A4A8-C31F88FD0FEC}.Debug|x64.ActiveCfg = Debug|x64
		{DF9F143F-D9D1-48E9-A4A8-C31F88FD0FEC}.Debug|x64.Build.0 = Debug|x64
		{DF9F143F-D9D1-48E9-A4A8-C31F88FD0FEC}.Debug|x86.ActiveCfg = Debug|Win32
		{DF9F143F-D9D1-48E9-A4A8-C31F88FD0FEC}.Debug|x86.Build.0 = Debug|Win32
		{DF9F143F-D9D1-48E9-A4A8-C31F88FD0FEC}.Release|x64.ActiveCfg = Release|x64
		{DF9F143F-D9D1-48E9-A4A8-C31F88FD0FEC}.Release|x64.Build.0 = Release|x64
		{DF9F143F-D9D1-48E9-A4A8-C31F88FD0FEC}.Release|x86.ActiveCfg = Release|Win32
		{DF9F143F-D9D1-48E9-A4A8-C31F88FD0FEC}.Release|x86.Build.0 = Release|Win32
		{25C65991-2B9D-49F2-B008-F4608C58A0D9}.Debug|x64.ActiveCfg = Debug|x64
		{25C65991-2B9D-49F2-B008-F4608C58A0D9}.Debug|x64.Build.0 = Debug|x64
		{25C65991-2B9D-49F2-B008-F4608C58A0D9}.Debug|x86.ActiveCfg = Debug|Win32
		{25C65991-2B9D-49F2-B008-F4608C58A0D9}.Debug|x86.Build.0 = Debug|Win32
		{25C65991-2B9D-49F2-B008-F4608C58A0D9}.Release|x64.ActiveCfg = Release|x64
		{25C65991-2B9D-49F2-B008-F4608C58A0D9}.Release|x64.Build.0 = Release|x64
		{25C65991-2B9D-49F2-B008-F4608C58A0D9}.Release|x86.ActiveCfg = Release|Win32
		{25C65991-2B9D-49F2-B008-F4608C58A0D9}.Release|x86.Build.0 = Release|Win32
		{EF7A0F84-FF66-458F-9F49-7DA186A901DE}.Debug|x64.ActiveCfg = Debug|x64
		{EF7A0F84-FF66-458F-9F49-7DA186A901DE}.Debug|x64.Build.0 = Debug|x64
		{EF7A0F84-FF66-458F-9F49-7DA186A901DE}.Debug|x86.ActiveCfg = Debug|Win32
		{EF7A0F84-FF66-458F-9F49-7DA186A901DE}.Debug|x86.Build.0 = Debug|Win32
		{EF7A0F84-FF66-458F-9F49-7DA186A901DE}.Release|x64.ActiveCfg = Release|x64
		{EF7A0F84-FF66-458F-9F49-7DA186A901DE}.Release|x64.Build.0 = Release|x64
		{EF7A0F84-FF66-458F-9F49-7DA186A901DE}.Release|x86.ActiveCfg = Release|Win32
		{EF7A0F84-FF66-458F-9F49-7DA186A901DE}.Release|x86.Build.0 = Release|Win32
		{72F730F9-BB53-4821-A74C-7CB4C2057A86}.Debug|x64.ActiveCfg = Debug|x64
		{72F730F9-BB53-4821-A74C-7CB4C2057A86}.Debug|x64.Build.0 = Debug|x64
		{72F730F9-BB53-4821-A74C-7CB4C2057A86}.Debug|x86.ActiveCfg = Debug|Win32
		{72F730F9-BB53-4821-A74C-7CB4C2057A86}.Debug|x86.Build.0 = Debug|Win32
		{72F730F9-BB53-4821-A74C-7CB4C2057A86}.Release|x64.ActiveCfg = Release|x64
		{72F730F9-BB53-4821-A74C-7CB4C2057A86}.Release|x64.Build.0 = Release|x64
		{72F730F9-BB53-4821-A74C-7CB4C2057A86}.Release|x86.ActiveCfg = Release|Win32
		{72F730F9-BB53-4821-A74C-7CB4C2057A86}.Release|x86.Build.0 = Release|Win32
		{D20D2E26-FDBA-4254-B426-03F35A6E389B}.Debug|x64.ActiveCfg = Debug|x64
		{D20D2E26-FDBA-4254-B426-03F35A6E389B}.Debug|x64.Build.0 = Debug|x64
		{D20D2E26-FDBA-4254-B426-03F35A6E389B}.Debug|x86.ActiveCfg = Debug|Win32
		{D20D2E26-FDBA-4254-B426-03F35A6E389B}.Debug|x86.Build.0 = Debug|Win32
		{D20D2E26-FDBA-4254-B426-03F35A6E389B}.Release|x64.ActiveCfg = Release|x64
		{D20D2E26-FDBA-4254-B426-03F35A6E389B}.Release|x64.Build.0 = Release|x64
		{D20D2E26-FDBA-4254-B426-03F35A6E389B}.Release|x86.ActiveCfg = Release|Win32
		{D20D2E26-FDBA-4254-B426-03F35A6E389B}.Release|x86.Build.0 = Release|Win32
		{2EB230C3-D082-4F16-98B0-262F12F95574}.Debug|x64.ActiveCfg = Debug|Win32
		{2EB230C3-D082-4F16-98B0-262F12F95574}.Debug|x86.ActiveCfg = Debug|Win32
		{2EB230C3-D082-4F16-98B0-262F12F95574}.Debug|x86.Build.0 = Debug|Win32
		{2EB230C3-D082-4F16-98B0-262F12F95574}.Release|x64.ActiveCfg = Release|Win32
		{2EB230C3-D082-4F16-98B0-262F12F95574}.Release|x86.ActiveCfg = Release|Win32
		{2EB230C3-D082-4F16-98B0-262F12F95574}.Release|x86.Build.0 = Release|Win32
		{686CD8BA-2E72-4ED1-AE19-6F72F85DCA0B}.Debug|x64.ActiveCfg = Debug|Win32
		{686CD8BA-2E72-4ED1-AE19-6F72F85DCA0B}.Debug|x86.ActiveCfg = Debug|Win32
		{686CD8BA-2E72-4ED1-AE19-6F72F85DCA0B}.Debug|x86.Build.0 = Debug|Win32
		{686CD8BA-2E72-4ED1-AE19-6F72F85DCA0B}.Release|x64.ActiveCfg = Release|Win32
		{686CD8BA-2E72-4ED1-AE19-6F72F85DCA0B}.Release|x86.ActiveCfg = Release|Win32
		{686CD8BA-2E72-4ED1-AE19-6F72F85DCA0B}.Release|x86.Build.0 = Release|Win32
		{5A46389C-19BC-48B6-B94E-388FEB765DA7}.Debug|x64.ActiveCfg = Debug|Win32
		{5A46389C-19BC-48B6-B94E-388FEB765DA7}.Debug|x86.ActiveCfg = Debug|Win32
		{5A46389C-19BC-48B6-B94E-388FEB765DA7}.Debug|x86.Build.0 = Debug|Win32
		{5A46389C-19BC-48B6-B94E-388FEB765DA7}.Release|x64.ActiveCfg = Release|Win32
		{5A46389C-19BC-48B6-B94E-388FEB765DA7}.Release|x86.ActiveCfg = Release|Win32
		{5A46389C-19BC-48B6-B94E-388FEB765DA7}.Release|x86.Build.0 = Release|Win32
		{8D05EC3F-BFD7-4288-B2D0-44C5C71A1A0E}.Debug|x64.ActiveCfg = Debug|Win32
		{8D05EC3F-BFD7-4288-B2D0-44C5C71A1A0E}.Debug|x86.ActiveCfg = Debug|Win32
		{8D05EC3F-BFD7-4288-B2D0-44C5C71A1A0E}.Debug|x86.Build.0 = Debug|Win32
		{8D05EC3F-BFD7-4288-B2D0-44C5C71A1A0E}.Release|x64.ActiveCfg = Release|Win32
		{8D05EC3F-BFD7-4288-B2D0-44C5C71A1A0E}.Release|x86.ActiveCfg = Release|Win32
		{8D05EC3F-BFD7-4288-B2D0-44C5C71A1A0E}.Release|x86.Build.0 = Release|Win32
		{F60B05DE-500C-42EB-8A96-652339877072}.Debug|x64.ActiveCfg = Debug|Win32
		{F60B05DE-500C-42EB-8A96-652339877072}.Debug|x86.ActiveCfg = Debug|Win32
		{F60B05DE-500C-42EB-8A96-652339877072}.Debug|x86.Build.0 = Debug|Win32
		{F60B05DE-500C-42EB-8A96-652339877072}.Release|x64.ActiveCfg = Release|Win32
		{F60B05DE-500C-42EB-8A96-652339877072}.Release|x86.ActiveCfg = Release|Win32
		{F60B05DE-500C-42EB-8A96-652339877072}.Release|x86.Build.0 = Release|Win32
		{B3E06787-5C94-47AC-9F44-08960350112C}.Debug|x64.ActiveCfg = Debug|x64
		{B3E06787-5C94-47AC-9F44-08960350112C}.Debug|x64.Build.0 = Debug|x64
		{B3E06787-5C94-47AC-9F44-08960350112C}.Debug|x86.ActiveCfg = Debug|Win32
		{B3E06787-5C94-47AC-9F44-08960350112C}.Debug|x86.Build.0 = Debug|Win32
		{B3E06787-5C94-47AC-9F44-08960350112C}.Release|x64.ActiveCfg = Release|x64
		{B3E06787-5C94-47AC-9F44-08960350112C}.Release|x64.Build.0 = Release|x64
		{B3E06787-5C94-47AC-9F44-08960350112C}.Release|x86.ActiveCfg = Release|Win32
		{B3E06787-5C94-47AC-9F44-08960350112C}.Release|x86.Build.0 = Release|Win32
		{AD9EE5EC-C54D-4C6E-B27C-1D2B09877637}.Debug|x64.ActiveCfg = Debug|x64
		{AD9EE5EC-C54D-4C6E-B27C-1D2B09877637}.Debug|x64.Build.0 = Debug|x64
		{AD9EE5EC-C54D-4C6E-B27C-1D2B09877637}.Debug|x86.ActiveCfg = Debug|Win32
		{AD9EE5EC-C54D-4C6E-B27C-1D2B09877637}.Debug|x86.Build.0 = Debug|Win32
		{AD9EE5EC-C54D-4C6E-B27C-1D2B09877637}.Release|x64.ActiveCfg = Release|x64
		{AD9EE5EC-C54D-4C6E-B27C-1D2B09877637}.Release|x64.Build.0 = Release|x64
		{AD9EE5EC-C54D-4C6E-B27C-1D2B09877637}.Release|x86.ActiveCfg = Release|Win32
		{AD9EE5EC-C54D-4C6E-B27C-1D2B09877637}.Release|x86.Build.0 = Release|Win32
		{6C65B550-646B-4483-8E3E-02801DC06B83}.Debug|x64.ActiveCfg = Debug|x64
		{6C65B550-646B-4483-8E3E-02801DC06B83}.Debug|x64.Build.0 = Debug|x64
		{6C65B550-646B-4483-8E3E-02801DC06B83}.Debug|x86.ActiveCfg = Debug|Win32
		{6C65B550-646B-4483-8E3E-02801DC06B83}.Debug|x86.Build.0 = Debug|Win32
		{6C65B550-646B-4483-8E3E-02801DC06B83}.Release|x64.ActiveCfg = Release|x64
		{6C65B550-646B-4483-8E3E-02801DC06B83}.Release|x64.Build.0 = Release|x64
		{6C65B550-646B-4483-8E3E-02801DC06B83}.Release|x86.ActiveCfg = Release|Win32
		{6C65B550-646B-4483-8E3E-02801DC06B83}.Release|x86.Build.0 = Release|Win32
		{030B8B84-2A3D-432D-B520-9B87174882D3}.Debug|x64.ActiveCfg = Debug|x64
		{030B8B84-2A3D-432D-B520-9B87174882D3}.Debug|x64.Build.0 = Debug|x64
		{030B8B84-2A3D-432D-B520-9B87174882D3}.Debug|x86.ActiveCfg = Debug|Win32
		{030B8B84-2A3D-432D-B520-9B87174882D3}.Debug|x86.Build.0 = Debug|Win32
		{030B8B84-2A3D-432D-B520-9B87174882D3}.Release|x64.ActiveCfg = Release|x64
		{030B8B84-2A3D-432D-B520-9B87174882D3}.Release|x64.Build.0 = Release|x64
		{030B8B84-2A3D-432D-B520-9B87174882D3}.Release|x86.ActiveCfg = Release|Win32
		{030B8B84-2A3D-432D-B520-9B87174882D3}.Release|x86.Build.0 = Release|Win32
		{9801CBCF-B73B-4AAA-A540-37489E5B733C}.Debug|x64.ActiveCfg = Debug|x64
		{9801CBCF-B73B-4AAA-A540-37489E5B733C}.Debug|x64.Build.0 = Debug|x64
		{9801CBCF-B73B-4AAA-A540-37489E5B733C}.Debug|x86.ActiveCfg = Debug|Win32
		{9801CBCF-B73B-4AAA-A540-37489E5B733C}.Debug|x86.Build.0 = Debug|Win32
		{9801CBCF-B73B-4AAA-A540-37489E5B733C}.Release|x64.ActiveCfg = Release|x64
		{9801CBCF-B73B-4AAA-A540-37489E5B733C}.Release|x64.Build.0 = Release|x64
		{9801CBCF-B73B-4AAA-A540-37489E5B733C}.Release|x86.ActiveCfg = Release|Win32
		{9801CBCF-B73B-4AAA-A540-37489E5B733C}.Release|x86.Build.0 = Release|Win32
		{369F9413-6DB3-41CB-A46E-3E7F73D1D13A}.Debug|x64.ActiveCfg = Debug|x64
		{369F9413-6DB3-41CB-A46E-3E7F73D1D13A}.Debug|x64.Build.0 = Debug|x64
		{369F9413-6DB3-41CB-A46E-3E7F73D1D13A}.Debug|x86.ActiveCfg = Debug|Win32
		{369F9413-6DB3-41CB-A46E-3E7F73D1D13A}.Debug|x86.Build.0 = Debug|Win32
		{369F9413-6DB3-41CB-A46E-3E7F73D1D13A}.Release|x64.ActiveCfg = Release|x64
		{369F9413-6DB3-41CB-A46E-3E7F73D1D13A}.Release|x64.Build.0 = Release|x64
		{369F9413-6DB3-41CB-A46E-3E7F73D1D13A}.Release|x86.ActiveCfg = Release|Win32
		{369F9413-6DB3-41CB-A46E-3E7F73D1D13A}.Release|x86.Build.0 = Release|Win32
		{8E71EE14-2D5A-40C9-84E3-7B0365645B5D}.Debug|x64.ActiveCfg = Debug|x64
		{8E71EE14-2D5A-40C9-84E3-7B0365645B5D}.Debug|x64.Build.0 = Debug|x64
		{8E71EE14-2D5A-40C9-84E3-7B0365645B5D}.Debug|x86.ActiveCfg = Debug|Win32
		{8E71EE14-2D5A-40C9-84E3-7B0365645B5D}.Debug|x86.Build.0 = Debug|Win32
		{8E71EE14-2D5A-40C9-84E3-7B0365645B5D}.Release|x64.ActiveCfg = Release|x64
		{8E71EE14-2D5A-40C9-84E3-7B0365645B5D}.Release|x64.Build.0 = Release|x64
		{8E71EE14-2D5A-40C9-84E3-7B0365645B5D}.Release|x86.ActiveCfg = Release|Win32
		{8E71EE14-2D5A-40C9-84E3-7B0365645B5D}.Release|x86.Build.0 = Release|Win32
		{88C2B48F-D18A-4E8A-A33C-56D129D24A5E}.Debug|x64.ActiveCfg = Debug|x64
		{88C2B48F-D18A-4E8A-A33C-56D129D24A5E}.Debug|x64.Build.0 = Debug|x64
		{88C2B48F-D18A-4E8A-A33C-56D129D24A5E}.Debug|x86.ActiveCfg = Debug|Win32
		{88C2B48F-D18A-4E8A-A33C-56D129D24A5E}.Debug|x86.Build.0 = Debug|Win32
		{88C2B48F-D18A-4E8A-A33C-56D129D24A5E}.Release|x64.ActiveCfg = Release|x64
		{88C2B48F-D18A-4E8A-A33C-56D129D24A5E}.Release|x64.Build.0 = Release|x64
		{88C2B48F-D18A-4E8A-A33C-56D129D24A5E}.Release|x86.ActiveCfg = Release|Win32
		{88C2B48F-D18A-4E8A-A33C-56D129D24A5E}.Release|x86.Build.0 = Release|Win32
		{B898B4E9-4523-4EC6-8ED0-0BDB0F343445}.Debug|x64.ActiveCfg = Debug|x64
		{B898B4E9-4523-4EC6-8ED0-0BDB0F343445}.Debug|x64.Build.0 = Debug|x64
		{B898B4E9-4523-4EC6-8ED0-0BDB0F343445}.Debug|x86.ActiveCfg = Debug|Win32
		{B898B4E9-4523-4EC6-8ED0-0BDB0F343445}.Debug|x86.Build.0 = Debug|Win32
		{B898B4E9-4523-4EC6-8ED0-0BDB0F343445}.Release|x64.ActiveCfg = Release|x64
		{B898B4E9-4523-4EC6-8ED0-0BDB0F343445}.Release|x64.Build.0 = Release|x64
		{B898B4E9-4523-4EC6-8ED0-0BDB0F343445}.Release|x86.ActiveCfg = Release|Win32
		{B898B4E9-4523-4EC6-8ED0-0BDB0F343445}.Release|x86.Build.0 = Release|Win32
		{37233AE5-F856-4BD1-9902-C729CDEE6CCB}.Debug|x64.ActiveCfg = Debug|x64
		{37233AE5-F856-4BD1-9902-C729CDEE6CCB}.Debug|x64.Build.0 = Debug|x64
		{37233AE5-F856-4BD1-9902-C729CDEE6CCB}.Debug|x86.ActiveCfg = Debug|Win32
		{37233AE5-F856-4BD1-9902-C729CDEE6CCB}.Debug|x86.Build.0 = Debug|Win32
		{37233AE5-F856-4BD1-9902-C729CDEE6CCB}.Release|x64.ActiveCfg = Release|x64
		{37233AE5-F856-4BD1-9902-C729CDEE6CCB}.Release|x64.Build.0 = Release|x64
		{37233AE5-F856-4BD1-9902-C729CDEE6CCB}.Release|x86.ActiveCfg = Release|Win32
		{37233AE5-F856-4BD1-9902-C729CDEE6CCB}.Release|x86.Build.0 = Release|Win32
	EndGlobalSection
	GlobalSection(SolutionProperties) = preSolution
		HideSolutionNode = FALSE
	EndGlobalSection
	GlobalSection(NestedProjects) = preSolution
		{978F853C-A2D8-4ECC-994E-D1160C758408} = {A5436A7F-B5A3-443D-A020-25B42C05154C}
		{20302565-8937-46C0-BAEE-9900FD70ED56} = {ED541AC9-1D5A-424C-A8B4-E95210751B65}
		{712AF987-0128-42AC-92CD-CA89498CBBD1} = {A5436A7F-B5A3-443D-A020-25B42C05154C}
		{806F4A0D-86F0-4854-ABB3-0BCB551A547F} = {A5436A7F-B5A3-443D-A020-25B42C05154C}
		{1D9EC0BD-3A6F-4FF2-8384-C07E579CC76F} = {ED541AC9-1D5A-424C-A8B4-E95210751B65}
		{B010E3A5-72C3-421C-BBC7-A999E1985F79} = {5237044D-E9DD-4749-86DF-2DFDDA9D6225}
		{58E8C60C-B6D1-48CB-8F75-A6975E81FBA7} = {5237044D-E9DD-4749-86DF-2DFDDA9D6225}
		{F60E9CF7-EC7C-4DD7-A30A-8E1148E7F3B7} = {5237044D-E9DD-4749-86DF-2DFDDA9D6225}
		{EBC3851E-3F19-4E66-8436-2F8E25E5B249} = {5237044D-E9DD-4749-86DF-2DFDDA9D6225}
		{25C65991-2B9D-49F2-B008-F4608C58A0D9} = {A5436A7F-B5A3-443D-A020-25B42C05154C}
		{EF7A0F84-FF66-458F-9F49-7DA186A901DE} = {A5436A7F-B5A3-443D-A020-25B42C05154C}
		{2EB230C3-D082-4F16-98B0-262F12F95574} = {CD2DCADC-DE1D-41A3-8FCF-117E2668149B}
		{686CD8BA-2E72-4ED1-AE19-6F72F85DCA0B} = {CD2DCADC-DE1D-41A3-8FCF-117E2668149B}
		{5A46389C-19BC-48B6-B94E-388FEB765DA7} = {CD2DCADC-DE1D-41A3-8FCF-117E2668149B}
		{8D05EC3F-BFD7-4288-B2D0-44C5C71A1A0E} = {CD2DCADC-DE1D-41A3-8FCF-117E2668149B}
		{F60B05DE-500C-42EB-8A96-652339877072} = {ED541AC9-1D5A-424C-A8B4-E95210751B65}
		{CD2DCADC-DE1D-41A3-8FCF-117E2668149B} = {ED541AC9-1D5A-424C-A8B4-E95210751B65}
		{AD9EE5EC-C54D-4C6E-B27C-1D2B09877637} = {ED541AC9-1D5A-424C-A8B4-E95210751B65}
		{6C65B550-646B-4483-8E3E-02801DC06B83} = {ED541AC9-1D5A-424C-A8B4-E95210751B65}
		{030B8B84-2A3D-432D-B520-9B87174882D3} = {ED541AC9-1D5A-424C-A8B4-E95210751B65}
		{9801CBCF-B73B-4AAA-A540-37489E5B733C} = {ED541AC9-1D5A-424C-A8B4-E95210751B65}
		{369F9413-6DB3-41CB-A46E-3E7F73D1D13A} = {ED541AC9-1D5A-424C-A8B4-E95210751B65}
		{8E71EE14-2D5A-40C9-84E3-7B0365645B5D} = {ED541AC9-1D5A-424C-A8B4-E95210751B65}
		{88C2B48F-D18A-4E8A-A33C-56D129D24A5E} = {ED541AC9-1D5A-424C-A8B4-E95210751B65}
		{B898B4E9-4523-4EC6-8ED0-0BDB0F343445} = {ED541AC9-1D5A-424C-A8B4-E95210751B65}
		{37233AE5-F856-4BD1-9902-C729CDEE6CCB} = {ED541AC9-1D5A-424C-A8B4-E95210751B65}
	EndGlobalSection
	GlobalSection(ExtensibilityGlobals) = postSolution
		SolutionGuid = {21A9A96B-529A-4F4E-A135-38B9AA93BE64}
	EndGlobalSection
EndGlobal
